
Microsoft Visual Studio Solution File, Format Version 12.00
# Visual Studio 15
VisualStudioVersion = 15.0.27130.2027
MinimumVisualStudioVersion = 10.0.40219.1
Project("{8BC9CEB8-8B4A-11D0-8D11-00A0C91BC942}") = "GameOfLife", "GameOfLife\GameOfLife.vcxproj", "{965B3F97-C1ED-433E-B567-F61FFDFED8FE}"
EndProject
Global
	GlobalSection(SolutionConfigurationPlatforms) = preSolution
		Debug|x64 = Debug|x64
		Debug|x86 = Debug|x86
		Release|x64 = Release|x64
		Release|x86 = Release|x86
	EndGlobalSection
	GlobalSection(ProjectConfigurationPlatforms) = postSolution
		{965B3F97-C1ED-433E-B567-F61FFDFED8FE}.Debug|x64.ActiveCfg = Debug|x64
		{965B3F97-C1ED-433E-B567-F61FFDFED8FE}.Debug|x64.Build.0 = Debug|x64
		{965B3F97-C1ED-433E-B567-F61FFDFED8FE}.Debug|x86.ActiveCfg = Debug|x64
		{965B3F97-C1ED-433E-B567-F61FFDFED8FE}.Debug|x86.Build.0 = Debug|x64
		{965B3F97-C1ED-433E-B567-F61FFDFED8FE}.Release|x64.ActiveCfg = Release|x64
		{965B3F97-C1ED-433E-B567-F61FFDFED8FE}.Release|x64.Build.0 = Release|x64
		{965B3F97-C1ED-433E-B567-F61FFDFED8FE}.Release|x86.ActiveCfg = Release|Win32
		{965B3F97-C1ED-433E-B567-F61FFDFED8FE}.Release|x86.Build.0 = Release|Win32
	EndGlobalSection
	GlobalSection(SolutionProperties) = preSolution
		HideSolutionNode = FALSE
	EndGlobalSection
	GlobalSection(ExtensibilityGlobals) = postSolution
		SolutionGuid = {E8D6DE30-3870-45F9-8707-955BE45833E7}
	EndGlobalSection
EndGlobal
